
Microsoft Visual Studio Solution File, Format Version 12.00
# Visual Studio Version 16
VisualStudioVersion = 16.0.30907.101
MinimumVisualStudioVersion = 10.0.40219.1
Project("{FAE04EC0-301F-11D3-BF4B-00C04F79EFBC}") = "DivisionPorGrupos", "DivisionPorGrupos\DivisionPorGrupos.csproj", "{D257FFD5-F81B-4929-93BE-B857E7BF9722}"
EndProject
Project("{FAE04EC0-301F-11D3-BF4B-00C04F79EFBC}") = "UnitTestReparticion", "UnitTestReparticion\UnitTestReparticion.csproj", "{51E1191F-735A-4A49-8E58-DB8B067A8F6C}"
EndProject
Global
	GlobalSection(SolutionConfigurationPlatforms) = preSolution
		Debug|Any CPU = Debug|Any CPU
		Release|Any CPU = Release|Any CPU
	EndGlobalSection
	GlobalSection(ProjectConfigurationPlatforms) = postSolution
		{D257FFD5-F81B-4929-93BE-B857E7BF9722}.Debug|Any CPU.ActiveCfg = Debug|Any CPU
		{D257FFD5-F81B-4929-93BE-B857E7BF9722}.Debug|Any CPU.Build.0 = Debug|Any CPU
		{D257FFD5-F81B-4929-93BE-B857E7BF9722}.Release|Any CPU.ActiveCfg = Release|Any CPU
		{D257FFD5-F81B-4929-93BE-B857E7BF9722}.Release|Any CPU.Build.0 = Release|Any CPU
		{51E1191F-735A-4A49-8E58-DB8B067A8F6C}.Debug|Any CPU.ActiveCfg = Debug|Any CPU
		{51E1191F-735A-4A49-8E58-DB8B067A8F6C}.Debug|Any CPU.Build.0 = Debug|Any CPU
		{51E1191F-735A-4A49-8E58-DB8B067A8F6C}.Release|Any CPU.ActiveCfg = Release|Any CPU
		{51E1191F-735A-4A49-8E58-DB8B067A8F6C}.Release|Any CPU.Build.0 = Release|Any CPU
	EndGlobalSection
	GlobalSection(SolutionProperties) = preSolution
		HideSolutionNode = FALSE
	EndGlobalSection
	GlobalSection(ExtensibilityGlobals) = postSolution
		SolutionGuid = {10354AF2-8B5F-4EA9-999F-381BF6FB60B3}
	EndGlobalSection
EndGlobal
